# This file is automatically @generated by Cargo.
# It is not intended for manual editing.
version = 3

[[package]]
name = "ansi_term"
version = "0.11.0"
source = "registry+https://github.com/rust-lang/crates.io-index"
checksum = "ee49baf6cb617b853aa8d93bf420db2383fab46d314482ca2803b40d5fde979b"
dependencies = [
 "winapi",
]

[[package]]
name = "arch"
version = "0.1.0"
dependencies = [
 "arch_gen",
 "byteorder",
 "kvm",
 "kvm-bindings",
 "libc",
 "memory_model",
]

[[package]]
name = "arch_gen"
version = "0.1.0"

[[package]]
name = "atty"
version = "0.2.13"
source = "registry+https://github.com/rust-lang/crates.io-index"
checksum = "1803c647a3ec87095e7ae7acfca019e98de5ec9a7d01343f611cf3152ed71a90"
dependencies = [
 "libc",
 "winapi",
]

[[package]]
name = "autocfg"
version = "0.1.5"
source = "registry+https://github.com/rust-lang/crates.io-index"
checksum = "22130e92352b948e7e82a49cdb0aa94f2211761117f29e052dd397c1ac33542b"

[[package]]
name = "bitflags"
version = "1.1.0"
source = "registry+https://github.com/rust-lang/crates.io-index"
checksum = "3d155346769a6855b86399e9bc3814ab343cd3d62c7e985113d46a0ec3c281fd"

[[package]]
name = "byteorder"
version = "1.2.1"
source = "registry+https://github.com/rust-lang/crates.io-index"
checksum = "652805b7e73fada9d85e9a6682a4abd490cb52d96aeecc12e33a0de34dfd0d23"

[[package]]
name = "cc"
version = "1.0.40"
source = "registry+https://github.com/rust-lang/crates.io-index"
checksum = "b548a4ee81fccb95919d4e22cfea83c7693ebfd78f0495493178db20b3139da7"

[[package]]
name = "cfg-if"
version = "0.1.9"
source = "registry+https://github.com/rust-lang/crates.io-index"
checksum = "b486ce3ccf7ffd79fdeb678eac06a9e6c09fc88d33836340becb8fffe87c5e33"

[[package]]
name = "cgroups"
version = "0.1.0"
source = "registry+https://github.com/rust-lang/crates.io-index"
checksum = "3b438c4132fca064f14894b866613b8acac0d804104d45ec730a3ab1a4017770"
dependencies = [
 "log",
]

[[package]]
name = "chrono"
version = "0.4.7"
source = "registry+https://github.com/rust-lang/crates.io-index"
checksum = "77d81f58b7301084de3b958691458a53c3f7e0b1d702f77e550b6a88e3a88abe"
dependencies = [
 "libc",
 "num-integer",
 "num-traits",
 "time 0.1.45",
]

[[package]]
name = "clap"
version = "2.33.0"
source = "registry+https://github.com/rust-lang/crates.io-index"
checksum = "5067f5bb2d80ef5d68b4c87db81601f0b75bca627bc2ef76b141d7b846a3c6d9"
dependencies = [
 "ansi_term",
 "atty",
 "bitflags",
 "strsim",
 "textwrap",
 "unicode-width",
 "vec_map",
]

[[package]]
name = "clicolors-control"
version = "1.0.1"
source = "registry+https://github.com/rust-lang/crates.io-index"
checksum = "90082ee5dcdd64dc4e9e0d37fbf3ee325419e39c0092191e0393df65518f741e"
dependencies = [
 "atty",
 "lazy_static",
 "libc",
 "winapi",
]

[[package]]
name = "console"
version = "0.9.0"
source = "registry+https://github.com/rust-lang/crates.io-index"
checksum = "62828f51cfa18f8c31d3d55a43c6ce6af3f87f754cba9fbba7ff38089b9f5612"
dependencies = [
 "clicolors-control",
 "encode_unicode",
 "lazy_static",
 "libc",
 "regex",
 "termios",
 "unicode-width",
 "winapi",
]

[[package]]
name = "cpuid"
version = "0.1.0"
dependencies = [
 "kvm",
 "kvm-bindings",
]

[[package]]
name = "devices"
version = "0.1.0"
dependencies = [
 "byteorder",
 "dumbo",
 "epoll",
 "libc",
 "logger",
 "memory_model",
 "net_gen",
 "net_util",
 "rate_limiter",
 "serde",
 "sys_util",
 "vhost_backend",
 "vhost_gen",
 "virtio_gen",
]

[[package]]
name = "dtoa"
version = "0.4.4"
source = "registry+https://github.com/rust-lang/crates.io-index"
checksum = "ea57b42383d091c85abcc2706240b94ab2a8fa1fc81c10ff23c4de06e2a90b5e"

[[package]]
name = "dumbo"
version = "0.1.0"
dependencies = [
 "bitflags",
 "byteorder",
 "fc_util",
 "logger",
 "mmds",
 "net_util",
]

[[package]]
name = "encode_unicode"
version = "0.3.6"
source = "registry+https://github.com/rust-lang/crates.io-index"
checksum = "a357d28ed41a50f9c765dbfe56cbc04a64e53e5fc58ba79fbc34c10ef3df831f"

[[package]]
name = "epoll"
version = "4.0.1"
source = "registry+https://github.com/rust-lang/crates.io-index"
checksum = "f3f0680f2a6f2a17fa7a8668a27c54e45e1ad1cf8a632f56a7c19b9e4e3bbe8a"
dependencies = [
 "bitflags",
 "libc",
]

[[package]]
name = "fc_util"
version = "0.1.0"
dependencies = [
 "libc",
]

[[package]]
name = "firerunner"
version = "0.1.0"
dependencies = [
 "cgroups",
 "clap",
 "futures",
 "indicatif",
 "libc",
 "nix",
 "num_cpus",
 "serde",
 "serde_json",
 "serde_yaml",
 "sys_util",
 "time 0.3.15",
 "vmm",
]

[[package]]
name = "futures"
version = "0.1.18"
source = "registry+https://github.com/rust-lang/crates.io-index"
checksum = "0bab5b5e94f5c31fc764ba5dd9ad16568aae5d4825538c01d6bca680c9bf94a7"

[[package]]
name = "indicatif"
version = "0.12.0"
source = "registry+https://github.com/rust-lang/crates.io-index"
checksum = "a8d596a9576eaa1446996092642d72bfef35cf47243129b7ab883baf5faec31e"
dependencies = [
 "console",
 "lazy_static",
 "number_prefix",
 "regex",
]

[[package]]
name = "itoa"
version = "0.4.4"
source = "registry+https://github.com/rust-lang/crates.io-index"
checksum = "501266b7edd0174f8530248f87f99c88fbe60ca4ef3dd486835b8d8d53136f7f"

[[package]]
name = "json-patch"
version = "0.2.5"
source = "registry+https://github.com/rust-lang/crates.io-index"
checksum = "147e9ac152cd36258a8a393f2377cb164af9badb16e825a5bad7c05fc1e1e1db"
dependencies = [
 "serde",
 "serde_derive",
 "serde_json",
 "treediff",
]

[[package]]
name = "kernel"
version = "0.1.0"
dependencies = [
 "memory_model",
 "sys_util",
]

[[package]]
name = "kvm"
version = "0.1.0"
dependencies = [
 "kvm-bindings",
 "libc",
 "sys_util",
]

[[package]]
name = "kvm-bindings"
version = "0.1.1"
source = "git+https://github.com/princeton-sns/kvm-bindings?branch=master#6a54c0ae2aab688ab66d5c523b9f275e3441fde9"
dependencies = [
 "serde",
]

[[package]]
name = "lazy_static"
version = "1.3.0"
source = "registry+https://github.com/rust-lang/crates.io-index"
checksum = "bc5729f27f159ddd61f4df6228e827e86643d4d3e7c32183cb30a1c08f604a14"

[[package]]
name = "libc"
version = "0.2.140"
source = "registry+https://github.com/rust-lang/crates.io-index"
checksum = "99227334921fae1a979cf0bfdfcc6b3e5ce376ef57e16fb6fb3ea2ed6095f80c"

[[package]]
name = "linked-hash-map"
version = "0.5.2"
source = "registry+https://github.com/rust-lang/crates.io-index"
checksum = "ae91b68aebc4ddb91978b11a1b02ddd8602a05ec19002801c5666000e05e0f83"

[[package]]
name = "log"
version = "0.4.8"
source = "registry+https://github.com/rust-lang/crates.io-index"
checksum = "14b6052be84e6b71ab17edffc2eeabf5c2c3ae1fdb464aae35ac50c67a44e1f7"
dependencies = [
 "cfg-if",
]

[[package]]
name = "logger"
version = "0.1.0"
dependencies = [
 "chrono",
 "lazy_static",
 "libc",
 "log",
 "serde",
 "serde_derive",
 "serde_json",
 "time 0.3.15",
]

[[package]]
name = "memory_model"
version = "0.1.0"
dependencies = [
 "libc",
 "serde",
]

[[package]]
name = "micro_http"
version = "0.1.0"

[[package]]
name = "mmds"
version = "0.1.0"
dependencies = [
 "json-patch",
 "lazy_static",
 "micro_http",
 "serde_json",
]

[[package]]
name = "net_gen"
version = "0.1.0"
dependencies = [
 "sys_util",
]

[[package]]
name = "net_util"
version = "0.1.0"
dependencies = [
 "libc",
 "net_gen",
 "serde",
 "sys_util",
]

[[package]]
name = "nix"
version = "0.14.1"
source = "registry+https://github.com/rust-lang/crates.io-index"
checksum = "6c722bee1037d430d0f8e687bbdbf222f27cc6e4e68d5caf630857bb2b6dbdce"
dependencies = [
 "bitflags",
 "cc",
 "cfg-if",
 "libc",
 "void",
]

[[package]]
name = "num-integer"
version = "0.1.41"
source = "registry+https://github.com/rust-lang/crates.io-index"
checksum = "b85e541ef8255f6cf42bbfe4ef361305c6c135d10919ecc26126c4e5ae94bc09"
dependencies = [
 "autocfg",
 "num-traits",
]

[[package]]
name = "num-traits"
version = "0.2.8"
source = "registry+https://github.com/rust-lang/crates.io-index"
checksum = "6ba9a427cfca2be13aa6f6403b0b7e7368fe982bfa16fccc450ce74c46cd9b32"
dependencies = [
 "autocfg",
]

[[package]]
name = "num_cpus"
version = "1.10.1"
source = "registry+https://github.com/rust-lang/crates.io-index"
checksum = "bcef43580c035376c0705c42792c294b66974abbfd2789b511784023f71f3273"
dependencies = [
 "libc",
]

[[package]]
name = "num_threads"
version = "0.1.6"
source = "registry+https://github.com/rust-lang/crates.io-index"
checksum = "2819ce041d2ee131036f4fc9d6ae7ae125a3a40e97ba64d04fe799ad9dabbb44"
dependencies = [
 "libc",
]

[[package]]
name = "number_prefix"
version = "0.3.0"
source = "registry+https://github.com/rust-lang/crates.io-index"
checksum = "17b02fc0ff9a9e4b35b3342880f48e896ebf69f2967921fe8646bf5b7125956a"

[[package]]
name = "proc-macro2"
version = "1.0.1"
source = "registry+https://github.com/rust-lang/crates.io-index"
checksum = "4c5c2380ae88876faae57698be9e9775e3544decad214599c3a6266cca6ac802"
dependencies = [
 "unicode-xid",
]

[[package]]
name = "quote"
version = "1.0.2"
source = "registry+https://github.com/rust-lang/crates.io-index"
checksum = "053a8c8bcc71fcce321828dc897a98ab9760bef03a4fc36693c231e5b3216cfe"
dependencies = [
 "proc-macro2",
]

[[package]]
name = "rate_limiter"
version = "0.1.0"
dependencies = [
 "libc",
 "logger",
 "serde",
 "serde_derive",
 "time 0.3.15",
 "timerfd",
]

[[package]]
name = "regex"
version = "1.3.1"
source = "registry+https://github.com/rust-lang/crates.io-index"
checksum = "dc220bd33bdce8f093101afe22a037b8eb0e5af33592e6a9caafff0d4cb81cbd"
dependencies = [
 "regex-syntax",
]

[[package]]
name = "regex-syntax"
version = "0.6.12"
source = "registry+https://github.com/rust-lang/crates.io-index"
checksum = "11a7e20d1cce64ef2fed88b66d347f88bd9babb82845b2b858f3edbf59a4f716"

[[package]]
name = "ryu"
version = "1.0.0"
source = "registry+https://github.com/rust-lang/crates.io-index"
checksum = "c92464b447c0ee8c4fb3824ecc8383b81717b9f1e74ba2e72540aef7b9f82997"

[[package]]
name = "seccomp"
version = "0.1.0"
dependencies = [
 "libc",
]

[[package]]
name = "serde"
version = "1.0.99"
source = "registry+https://github.com/rust-lang/crates.io-index"
checksum = "fec2851eb56d010dc9a21b89ca53ee75e6528bab60c11e89d38390904982da9f"
dependencies = [
 "serde_derive",
]

[[package]]
name = "serde_derive"
version = "1.0.99"
source = "registry+https://github.com/rust-lang/crates.io-index"
checksum = "cb4dc18c61206b08dc98216c98faa0232f4337e1e1b8574551d5bad29ea1b425"
dependencies = [
 "proc-macro2",
 "quote",
 "syn",
]

[[package]]
name = "serde_json"
version = "1.0.40"
source = "registry+https://github.com/rust-lang/crates.io-index"
checksum = "051c49229f282f7c6f3813f8286cc1e3323e8051823fce42c7ea80fe13521704"
dependencies = [
 "itoa",
 "ryu",
 "serde",
]

[[package]]
name = "serde_yaml"
version = "0.8.9"
source = "registry+https://github.com/rust-lang/crates.io-index"
checksum = "38b08a9a90e5260fe01c6480ec7c811606df6d3a660415808c3c3fa8ed95b582"
dependencies = [
 "dtoa",
 "linked-hash-map",
 "serde",
 "yaml-rust",
]

[[package]]
name = "strsim"
version = "0.8.0"
source = "registry+https://github.com/rust-lang/crates.io-index"
checksum = "8ea5119cdb4c55b55d432abb513a0429384878c15dde60cc77b1c99de1a95a6a"

[[package]]
name = "syn"
version = "1.0.3"
source = "registry+https://github.com/rust-lang/crates.io-index"
checksum = "158521e6f544e7e3dcfc370ac180794aa38cb34a1b1e07609376d4adcf429b93"
dependencies = [
 "proc-macro2",
 "quote",
 "unicode-xid",
]

[[package]]
name = "sys_util"
version = "0.1.0"
dependencies = [
 "libc",
]

[[package]]
name = "termios"
version = "0.3.1"
source = "registry+https://github.com/rust-lang/crates.io-index"
checksum = "72b620c5ea021d75a735c943269bb07d30c9b77d6ac6b236bc8b5c496ef05625"
dependencies = [
 "libc",
]

[[package]]
name = "textwrap"
version = "0.11.0"
source = "registry+https://github.com/rust-lang/crates.io-index"
checksum = "d326610f408c7a4eb6f51c37c330e496b08506c9457c9d34287ecc38809fb060"
dependencies = [
 "unicode-width",
]

[[package]]
name = "time"
version = "0.1.45"
source = "registry+https://github.com/rust-lang/crates.io-index"
checksum = "1b797afad3f312d1c66a56d11d0316f916356d11bd158fbc6ca6389ff6bf805a"
dependencies = [
 "libc",
 "wasi",
 "winapi",
]

[[package]]
name = "time"
version = "0.3.15"
source = "registry+https://github.com/rust-lang/crates.io-index"
checksum = "d634a985c4d4238ec39cacaed2e7ae552fbd3c476b552c1deac3021b7d7eaf0c"
dependencies = [
 "libc",
 "num_threads",
]

[[package]]
name = "timerfd"
version = "1.0.0"
source = "registry+https://github.com/rust-lang/crates.io-index"
checksum = "6c9a7822e546fa39d0b5ae14a93a33903975b62af6597288aea77f0580a6abbe"
dependencies = [
 "libc",
]

[[package]]
name = "treediff"
version = "3.0.1"
source = "registry+https://github.com/rust-lang/crates.io-index"
checksum = "654d26443bc9632b5e6fa042e1b197abc314760b25524372c5fd9f48a3b1c79f"
dependencies = [
 "serde_json",
]

[[package]]
name = "unicode-width"
version = "0.1.5"
source = "registry+https://github.com/rust-lang/crates.io-index"
checksum = "882386231c45df4700b275c7ff55b6f3698780a650026380e72dabe76fa46526"

[[package]]
name = "unicode-xid"
version = "0.2.0"
source = "registry+https://github.com/rust-lang/crates.io-index"
checksum = "826e7639553986605ec5979c7dd957c7895e93eabed50ab2ffa7f6128a75097c"

[[package]]
name = "vec_map"
version = "0.8.1"
source = "registry+https://github.com/rust-lang/crates.io-index"
checksum = "05c78687fb1a80548ae3250346c3db86a80a7cdd77bda190189f2d0a0987c81a"

[[package]]
name = "vhost_backend"
version = "0.1.0"
dependencies = [
 "libc",
 "memory_model",
 "sys_util",
 "vhost_gen",
]

[[package]]
name = "vhost_gen"
version = "0.1.0"
dependencies = [
 "libc",
 "sys_util",
]

[[package]]
name = "virtio_gen"
version = "0.1.0"

[[package]]
name = "vmm"
version = "0.1.0"
dependencies = [
 "arch",
 "byteorder",
 "chrono",
 "cpuid",
 "devices",
 "epoll",
 "fc_util",
 "futures",
 "kernel",
 "kvm",
 "kvm-bindings",
 "libc",
 "logger",
 "memory_model",
 "mmds",
 "net_util",
 "rate_limiter",
 "seccomp",
 "serde",
 "serde_derive",
 "serde_json",
 "sys_util",
 "time 0.3.15",
 "timerfd",
]

[[package]]
name = "void"
version = "1.0.2"
source = "registry+https://github.com/rust-lang/crates.io-index"
checksum = "6a02e4885ed3bc0f2de90ea6dd45ebcbb66dacffe03547fadbb0eeae2770887d"

[[package]]
name = "wasi"
version = "0.10.0+wasi-snapshot-preview1"
source = "registry+https://github.com/rust-lang/crates.io-index"
checksum = "1a143597ca7c7793eff794def352d41792a93c481eb1042423ff7ff72ba2c31f"

[[package]]
name = "winapi"
version = "0.3.7"
source = "registry+https://github.com/rust-lang/crates.io-index"
checksum = "f10e386af2b13e47c89e7236a7a14a086791a2b88ebad6df9bf42040195cf770"
dependencies = [
 "winapi-i686-pc-windows-gnu",
 "winapi-x86_64-pc-windows-gnu",
]

[[package]]
name = "winapi-i686-pc-windows-gnu"
version = "0.4.0"
source = "registry+https://github.com/rust-lang/crates.io-index"
checksum = "ac3b87c63620426dd9b991e5ce0329eff545bccbbb34f3be09ff6fb6ab51b7b6"

[[package]]
name = "winapi-x86_64-pc-windows-gnu"
version = "0.4.0"
source = "registry+https://github.com/rust-lang/crates.io-index"
checksum = "712e227841d057c1ee1cd2fb22fa7e5a5461ae8e48fa2ca79ec42cfc1931183f"

[[package]]
name = "yaml-rust"
version = "0.4.3"
source = "registry+https://github.com/rust-lang/crates.io-index"
checksum = "65923dd1784f44da1d2c3dbbc5e822045628c590ba72123e1c73d3c230c4434d"
dependencies = [
 "linked-hash-map",
]
